
Microsoft Visual Studio Solution File, Format Version 12.00
# Visual Studio Version 16
VisualStudioVersion = 16.0.31105.61
MinimumVisualStudioVersion = 10.0.40219.1
Project("{FAE04EC0-301F-11D3-BF4B-00C04F79EFBC}") = "Project-04", "Project-04.csproj", "{9C8ED49A-08B2-4ABF-8288-9CACCA264F62}"
EndProject
Global
	GlobalSection(SolutionConfigurationPlatforms) = preSolution
		Debug|Any CPU = Debug|Any CPU
		Release|Any CPU = Release|Any CPU
	EndGlobalSection
	GlobalSection(ProjectConfigurationPlatforms) = postSolution
		{9C8ED49A-08B2-4ABF-8288-9CACCA264F62}.Debug|Any CPU.ActiveCfg = Debug|Any CPU
		{9C8ED49A-08B2-4ABF-8288-9CACCA264F62}.Debug|Any CPU.Build.0 = Debug|Any CPU
		{9C8ED49A-08B2-4ABF-8288-9CACCA264F62}.Release|Any CPU.ActiveCfg = Release|Any CPU
		{9C8ED49A-08B2-4ABF-8288-9CACCA264F62}.Release|Any CPU.Build.0 = Release|Any CPU
	EndGlobalSection
	GlobalSection(SolutionProperties) = preSolution
		HideSolutionNode = FALSE
	EndGlobalSection
	GlobalSection(ExtensibilityGlobals) = postSolution
		SolutionGuid = {688CDEA8-3200-488A-B78F-79E8D894E1C0}
	EndGlobalSection
EndGlobal
