
Microsoft Visual Studio Solution File, Format Version 12.00
# Visual Studio Version 16
VisualStudioVersion = 16.0.31112.23
MinimumVisualStudioVersion = 10.0.40219.1
Project("{FAE04EC0-301F-11D3-BF4B-00C04F79EFBC}") = "Libraries", "Libraries\Libraries.csproj", "{62CCBBC4-67CB-422A-A906-53B3D7DA5203}"
EndProject
Project("{9A19103F-16F7-4668-BE54-9A1E7A4F7556}") = "Tests", "Tests\Tests.csproj", "{29009540-0157-47E0-B85B-F5208294E4E7}"
EndProject
Global
	GlobalSection(SolutionConfigurationPlatforms) = preSolution
		Debug|Any CPU = Debug|Any CPU
		Release|Any CPU = Release|Any CPU
	EndGlobalSection
	GlobalSection(ProjectConfigurationPlatforms) = postSolution
		{29009540-0157-47E0-B85B-F5208294E4E7}.Debug|Any CPU.ActiveCfg = Debug|Any CPU
		{29009540-0157-47E0-B85B-F5208294E4E7}.Debug|Any CPU.Build.0 = Debug|Any CPU
		{29009540-0157-47E0-B85B-F5208294E4E7}.Release|Any CPU.ActiveCfg = Release|Any CPU
		{29009540-0157-47E0-B85B-F5208294E4E7}.Release|Any CPU.Build.0 = Release|Any CPU
		{62CCBBC4-67CB-422A-A906-53B3D7DA5203}.Debug|Any CPU.ActiveCfg = Debug|Any CPU
		{62CCBBC4-67CB-422A-A906-53B3D7DA5203}.Debug|Any CPU.Build.0 = Debug|Any CPU
		{62CCBBC4-67CB-422A-A906-53B3D7DA5203}.Release|Any CPU.ActiveCfg = Release|Any CPU
		{62CCBBC4-67CB-422A-A906-53B3D7DA5203}.Release|Any CPU.Build.0 = Release|Any CPU
	EndGlobalSection
	GlobalSection(SolutionProperties) = preSolution
		HideSolutionNode = FALSE
	EndGlobalSection
	GlobalSection(ExtensibilityGlobals) = postSolution
		SolutionGuid = {72403480-59C2-4FC7-A51E-FDCEE357B444}
	EndGlobalSection
EndGlobal
