
Microsoft Visual Studio Solution File, Format Version 12.00
# Visual Studio Version 16
VisualStudioVersion = 16.0.31025.194
MinimumVisualStudioVersion = 10.0.40219.1
Project("{9A19103F-16F7-4668-BE54-9A1E7A4F7556}") = "Project-02", "Project-02.csproj", "{A2501111-DBC4-4585-8550-78C497F7FEB8}"
EndProject
Project("{FAE04EC0-301F-11D3-BF4B-00C04F79EFBC}") = "Project-02Tests", "..\Project-02Tests\Project-02Tests.csproj", "{B5B04D75-6521-45D3-BC4D-A9062C947C1A}"
EndProject
Global
	GlobalSection(SolutionConfigurationPlatforms) = preSolution
		Debug|Any CPU = Debug|Any CPU
		Release|Any CPU = Release|Any CPU
	EndGlobalSection
	GlobalSection(ProjectConfigurationPlatforms) = postSolution
		{A2501111-DBC4-4585-8550-78C497F7FEB8}.Debug|Any CPU.ActiveCfg = Debug|Any CPU
		{A2501111-DBC4-4585-8550-78C497F7FEB8}.Debug|Any CPU.Build.0 = Debug|Any CPU
		{A2501111-DBC4-4585-8550-78C497F7FEB8}.Release|Any CPU.ActiveCfg = Release|Any CPU
		{A2501111-DBC4-4585-8550-78C497F7FEB8}.Release|Any CPU.Build.0 = Release|Any CPU
		{B5B04D75-6521-45D3-BC4D-A9062C947C1A}.Debug|Any CPU.ActiveCfg = Debug|Any CPU
		{B5B04D75-6521-45D3-BC4D-A9062C947C1A}.Debug|Any CPU.Build.0 = Debug|Any CPU
		{B5B04D75-6521-45D3-BC4D-A9062C947C1A}.Release|Any CPU.ActiveCfg = Release|Any CPU
		{B5B04D75-6521-45D3-BC4D-A9062C947C1A}.Release|Any CPU.Build.0 = Release|Any CPU
	EndGlobalSection
	GlobalSection(SolutionProperties) = preSolution
		HideSolutionNode = FALSE
	EndGlobalSection
	GlobalSection(ExtensibilityGlobals) = postSolution
		SolutionGuid = {D1963974-09B6-4D01-85A0-22F11B73BDBC}
	EndGlobalSection
EndGlobal
