
Microsoft Visual Studio Solution File, Format Version 12.00
# Visual Studio Version 16
VisualStudioVersion = 16.0.31205.134
MinimumVisualStudioVersion = 10.0.40219.1
Project("{FAE04EC0-301F-11D3-BF4B-00C04F79EFBC}") = "Project_9", "Project_9\Project_9.csproj", "{525EBA64-CAAF-45B7-B256-0CFE05CA8EC0}"
EndProject
Global
	GlobalSection(SolutionConfigurationPlatforms) = preSolution
		Debug|Any CPU = Debug|Any CPU
		Release|Any CPU = Release|Any CPU
	EndGlobalSection
	GlobalSection(ProjectConfigurationPlatforms) = postSolution
		{525EBA64-CAAF-45B7-B256-0CFE05CA8EC0}.Debug|Any CPU.ActiveCfg = Debug|Any CPU
		{525EBA64-CAAF-45B7-B256-0CFE05CA8EC0}.Debug|Any CPU.Build.0 = Debug|Any CPU
		{525EBA64-CAAF-45B7-B256-0CFE05CA8EC0}.Release|Any CPU.ActiveCfg = Release|Any CPU
		{525EBA64-CAAF-45B7-B256-0CFE05CA8EC0}.Release|Any CPU.Build.0 = Release|Any CPU
	EndGlobalSection
	GlobalSection(SolutionProperties) = preSolution
		HideSolutionNode = FALSE
	EndGlobalSection
	GlobalSection(ExtensibilityGlobals) = postSolution
		SolutionGuid = {B0D478B6-684C-4EDE-95D7-E7B60B289FA4}
	EndGlobalSection
EndGlobal
