
Microsoft Visual Studio Solution File, Format Version 12.00
# Visual Studio Version 16
VisualStudioVersion = 16.0.31025.194
MinimumVisualStudioVersion = 10.0.40219.1
Project("{9A19103F-16F7-4668-BE54-9A1E7A4F7556}") = "Project-03", ".\Project-03\Project-03.csproj", "{A3F37AAB-D3CE-4F97-8EC1-0574D97F44FE}"
EndProject
Project("{FAE04EC0-301F-11D3-BF4B-00C04F79EFBC}") = "Project-03.Test", ".\Project-03.Test\Project-03.Test.csproj", "{CC10913D-6892-4F70-AFFC-77C1D2E10445}"
EndProject
Global
	GlobalSection(SolutionConfigurationPlatforms) = preSolution
		Debug|Any CPU = Debug|Any CPU
		Release|Any CPU = Release|Any CPU
	EndGlobalSection
	GlobalSection(ProjectConfigurationPlatforms) = postSolution
		{A3F37AAB-D3CE-4F97-8EC1-0574D97F44FE}.Debug|Any CPU.ActiveCfg = Debug|Any CPU
		{A3F37AAB-D3CE-4F97-8EC1-0574D97F44FE}.Debug|Any CPU.Build.0 = Debug|Any CPU
		{A3F37AAB-D3CE-4F97-8EC1-0574D97F44FE}.Release|Any CPU.ActiveCfg = Release|Any CPU
		{A3F37AAB-D3CE-4F97-8EC1-0574D97F44FE}.Release|Any CPU.Build.0 = Release|Any CPU
		{CC10913D-6892-4F70-AFFC-77C1D2E10445}.Debug|Any CPU.ActiveCfg = Debug|Any CPU
		{CC10913D-6892-4F70-AFFC-77C1D2E10445}.Debug|Any CPU.Build.0 = Debug|Any CPU
		{CC10913D-6892-4F70-AFFC-77C1D2E10445}.Release|Any CPU.ActiveCfg = Release|Any CPU
		{CC10913D-6892-4F70-AFFC-77C1D2E10445}.Release|Any CPU.Build.0 = Release|Any CPU
	EndGlobalSection
	GlobalSection(SolutionProperties) = preSolution
		HideSolutionNode = FALSE
	EndGlobalSection
	GlobalSection(ExtensibilityGlobals) = postSolution
		SolutionGuid = {2EC21B32-1187-4F9D-ACC5-E7CBC1E6D63C}
	EndGlobalSection
EndGlobal
